
Microsoft Visual Studio Solution File, Format Version 12.00
# Visual Studio Version 17
VisualStudioVersion = 17.4.33205.214
MinimumVisualStudioVersion = 10.0.40219.1
Project("{9A19103F-16F7-4668-BE54-9A1E7A4F7556}") = "AuthService", "..\AuthService\src\AuthService\AuthService.csproj", "{AC0867AE-95E4-40C5-8A5A-0BFFE3D416E5}"
EndProject
Project("{9A19103F-16F7-4668-BE54-9A1E7A4F7556}") = "BillingService", "..\BillingService\src\BillingService\BillingService.csproj", "{BDD68533-E270-48AA-9957-318C4EAA100D}"
EndProject
Project("{9A19103F-16F7-4668-BE54-9A1E7A4F7556}") = "CommonLibrary", "..\CommonLibrary\src\CommonLibrary\CommonLibrary.csproj", "{CFD33BB5-D689-4B14-8D8F-5AF1B1A15461}"
EndProject
Project("{9A19103F-16F7-4668-BE54-9A1E7A4F7556}") = "InternalService", "..\InternalService\src\InternalService\InternalService.csproj", "{C6459565-716A-45F4-AE8A-9B151DA0C2AA}"
EndProject
Project("{9A19103F-16F7-4668-BE54-9A1E7A4F7556}") = "LocalizationService", "..\LocalizationService\src\LocalizationService\LocalizationService.csproj", "{079A24B7-B2AB-4C4A-9C5B-0476AEF29A0B}"
EndProject
Project("{9A19103F-16F7-4668-BE54-9A1E7A4F7556}") = "LogService", "..\LogService\src\LogService\LogService.csproj", "{F3558220-6EB0-43F4-9231-CE0590B02A94}"
EndProject
Project("{9A19103F-16F7-4668-BE54-9A1E7A4F7556}") = "TransactionService", "..\TransactionService\src\TransactionService\TransactionService.csproj", "{F9CC6522-02BC-436A-8D06-0D376BF7F035}"
EndProject
Project("{9A19103F-16F7-4668-BE54-9A1E7A4F7556}") = "PaymentService", "..\PaymentService\src\PaymentService\PaymentService.csproj", "{8B4D9285-D723-48B8-9084-3F4C921E6BB3}"
EndProject
Project("{9A19103F-16F7-4668-BE54-9A1E7A4F7556}") = "IntelligenceService", "..\IntelligenceService\src\IntelligenceService\IntelligenceService.csproj", "{E5B3BDD1-564E-4D18-86E0-8436631DA910}"
EndProject
Project("{9A19103F-16F7-4668-BE54-9A1E7A4F7556}") = "GatewayService", "..\GatewayService\src\GatewayService\GatewayService.csproj", "{A7355EA6-BBF3-4199-855B-B28DFAEE1805}"
EndProject
Project("{9A19103F-16F7-4668-BE54-9A1E7A4F7556}") = "CommonLibrary.AspNetCore", "..\CommonLibrary\src\CommonLibrary.AspNetCore\CommonLibrary.AspNetCore.csproj", "{BE08A6D8-58E1-42EF-A2F8-EE8CE04FFF14}"
EndProject
Project("{9A19103F-16F7-4668-BE54-9A1E7A4F7556}") = "CommonLibrary.ClientServices", "..\CommonLibrary\src\CommonLibrary.ClientServices\CommonLibrary.ClientServices.csproj", "{DA89EFA4-BA05-41EE-A592-3CE1160A8D2A}"
EndProject
Project("{9A19103F-16F7-4668-BE54-9A1E7A4F7556}") = "RadarClient", "..\ClientServices\RadarClient\RadarClient.csproj", "{03558721-240D-46F0-90DD-A3F6481EE7FF}"
EndProject
Project("{2150E333-8FDC-42A3-9474-1A3956D46DE8}") = "Libraries", "Libraries", "{C39751B3-30F0-4B4A-9DBF-59E900B0572C}"
EndProject
Project("{2150E333-8FDC-42A3-9474-1A3956D46DE8}") = "Services", "Services", "{CCC5CEDD-ABB6-460D-B575-AB29A4AC6BD5}"
EndProject
Project("{2150E333-8FDC-42A3-9474-1A3956D46DE8}") = "Identity", "Identity", "{F1078A99-0C44-4284-85C0-8F4922D4DE8E}"
EndProject
Project("{2150E333-8FDC-42A3-9474-1A3956D46DE8}") = "Client", "Client", "{0273760C-14CE-4DF3-9AF2-544D0CB2EA7D}"
EndProject
Project("{2150E333-8FDC-42A3-9474-1A3956D46DE8}") = "Logging", "Logging", "{3DCA52C4-D3C8-470A-A931-B5DA92DC4F3D}"
EndProject
Project("{2150E333-8FDC-42A3-9474-1A3956D46DE8}") = "Misc", "Misc", "{2EA40578-88C4-4829-8647-2EB498F7CAB0}"
EndProject
Project("{2150E333-8FDC-42A3-9474-1A3956D46DE8}") = "Core", "Core", "{13F899E3-F26F-4EB9-9778-AADC3A7BA187}"
EndProject
Project("{2150E333-8FDC-42A3-9474-1A3956D46DE8}") = "Orders", "Orders", "{424C33A5-213A-4918-A263-9396B8829FB9}"
EndProject
Project("{9A19103F-16F7-4668-BE54-9A1E7A4F7556}") = "MemberService", "..\AuthService\src\MemberService\MemberService.csproj", "{91FB8944-CDFD-41CD-9ECE-94FB73A8274A}"
EndProject
Project("{9A19103F-16F7-4668-BE54-9A1E7A4F7556}") = "EmployeeService", "..\AuthService\src\EmployeeService\EmployeeService.csproj", "{DE11CB08-15DE-49DE-B6B6-76268B712A11}"
EndProject
Global
	GlobalSection(SolutionConfigurationPlatforms) = preSolution
		Debug|Any CPU = Debug|Any CPU
		Release|Any CPU = Release|Any CPU
	EndGlobalSection
	GlobalSection(ProjectConfigurationPlatforms) = postSolution
		{AC0867AE-95E4-40C5-8A5A-0BFFE3D416E5}.Debug|Any CPU.ActiveCfg = Debug|Any CPU
		{AC0867AE-95E4-40C5-8A5A-0BFFE3D416E5}.Debug|Any CPU.Build.0 = Debug|Any CPU
		{AC0867AE-95E4-40C5-8A5A-0BFFE3D416E5}.Release|Any CPU.ActiveCfg = Release|Any CPU
		{AC0867AE-95E4-40C5-8A5A-0BFFE3D416E5}.Release|Any CPU.Build.0 = Release|Any CPU
		{BDD68533-E270-48AA-9957-318C4EAA100D}.Debug|Any CPU.ActiveCfg = Debug|Any CPU
		{BDD68533-E270-48AA-9957-318C4EAA100D}.Debug|Any CPU.Build.0 = Debug|Any CPU
		{BDD68533-E270-48AA-9957-318C4EAA100D}.Release|Any CPU.ActiveCfg = Release|Any CPU
		{BDD68533-E270-48AA-9957-318C4EAA100D}.Release|Any CPU.Build.0 = Release|Any CPU
		{CFD33BB5-D689-4B14-8D8F-5AF1B1A15461}.Debug|Any CPU.ActiveCfg = Debug|Any CPU
		{CFD33BB5-D689-4B14-8D8F-5AF1B1A15461}.Debug|Any CPU.Build.0 = Debug|Any CPU
		{CFD33BB5-D689-4B14-8D8F-5AF1B1A15461}.Release|Any CPU.ActiveCfg = Release|Any CPU
		{CFD33BB5-D689-4B14-8D8F-5AF1B1A15461}.Release|Any CPU.Build.0 = Release|Any CPU
		{C6459565-716A-45F4-AE8A-9B151DA0C2AA}.Debug|Any CPU.ActiveCfg = Debug|Any CPU
		{C6459565-716A-45F4-AE8A-9B151DA0C2AA}.Debug|Any CPU.Build.0 = Debug|Any CPU
		{C6459565-716A-45F4-AE8A-9B151DA0C2AA}.Release|Any CPU.ActiveCfg = Release|Any CPU
		{C6459565-716A-45F4-AE8A-9B151DA0C2AA}.Release|Any CPU.Build.0 = Release|Any CPU
		{079A24B7-B2AB-4C4A-9C5B-0476AEF29A0B}.Debug|Any CPU.ActiveCfg = Debug|Any CPU
		{079A24B7-B2AB-4C4A-9C5B-0476AEF29A0B}.Debug|Any CPU.Build.0 = Debug|Any CPU
		{079A24B7-B2AB-4C4A-9C5B-0476AEF29A0B}.Release|Any CPU.ActiveCfg = Release|Any CPU
		{079A24B7-B2AB-4C4A-9C5B-0476AEF29A0B}.Release|Any CPU.Build.0 = Release|Any CPU
		{F3558220-6EB0-43F4-9231-CE0590B02A94}.Debug|Any CPU.ActiveCfg = Debug|Any CPU
		{F3558220-6EB0-43F4-9231-CE0590B02A94}.Debug|Any CPU.Build.0 = Debug|Any CPU
		{F3558220-6EB0-43F4-9231-CE0590B02A94}.Release|Any CPU.ActiveCfg = Release|Any CPU
		{F3558220-6EB0-43F4-9231-CE0590B02A94}.Release|Any CPU.Build.0 = Release|Any CPU
		{F9CC6522-02BC-436A-8D06-0D376BF7F035}.Debug|Any CPU.ActiveCfg = Debug|Any CPU
		{F9CC6522-02BC-436A-8D06-0D376BF7F035}.Debug|Any CPU.Build.0 = Debug|Any CPU
		{F9CC6522-02BC-436A-8D06-0D376BF7F035}.Release|Any CPU.ActiveCfg = Release|Any CPU
		{F9CC6522-02BC-436A-8D06-0D376BF7F035}.Release|Any CPU.Build.0 = Release|Any CPU
		{8B4D9285-D723-48B8-9084-3F4C921E6BB3}.Debug|Any CPU.ActiveCfg = Debug|Any CPU
		{8B4D9285-D723-48B8-9084-3F4C921E6BB3}.Debug|Any CPU.Build.0 = Debug|Any CPU
		{8B4D9285-D723-48B8-9084-3F4C921E6BB3}.Release|Any CPU.ActiveCfg = Release|Any CPU
		{8B4D9285-D723-48B8-9084-3F4C921E6BB3}.Release|Any CPU.Build.0 = Release|Any CPU
		{E5B3BDD1-564E-4D18-86E0-8436631DA910}.Debug|Any CPU.ActiveCfg = Debug|Any CPU
		{E5B3BDD1-564E-4D18-86E0-8436631DA910}.Debug|Any CPU.Build.0 = Debug|Any CPU
		{E5B3BDD1-564E-4D18-86E0-8436631DA910}.Release|Any CPU.ActiveCfg = Release|Any CPU
		{E5B3BDD1-564E-4D18-86E0-8436631DA910}.Release|Any CPU.Build.0 = Release|Any CPU
		{A7355EA6-BBF3-4199-855B-B28DFAEE1805}.Debug|Any CPU.ActiveCfg = Debug|Any CPU
		{A7355EA6-BBF3-4199-855B-B28DFAEE1805}.Debug|Any CPU.Build.0 = Debug|Any CPU
		{A7355EA6-BBF3-4199-855B-B28DFAEE1805}.Release|Any CPU.ActiveCfg = Release|Any CPU
		{A7355EA6-BBF3-4199-855B-B28DFAEE1805}.Release|Any CPU.Build.0 = Release|Any CPU
		{BE08A6D8-58E1-42EF-A2F8-EE8CE04FFF14}.Debug|Any CPU.ActiveCfg = Debug|Any CPU
		{BE08A6D8-58E1-42EF-A2F8-EE8CE04FFF14}.Debug|Any CPU.Build.0 = Debug|Any CPU
		{BE08A6D8-58E1-42EF-A2F8-EE8CE04FFF14}.Release|Any CPU.ActiveCfg = Release|Any CPU
		{BE08A6D8-58E1-42EF-A2F8-EE8CE04FFF14}.Release|Any CPU.Build.0 = Release|Any CPU
		{DA89EFA4-BA05-41EE-A592-3CE1160A8D2A}.Debug|Any CPU.ActiveCfg = Debug|Any CPU
		{DA89EFA4-BA05-41EE-A592-3CE1160A8D2A}.Debug|Any CPU.Build.0 = Debug|Any CPU
		{DA89EFA4-BA05-41EE-A592-3CE1160A8D2A}.Release|Any CPU.ActiveCfg = Release|Any CPU
		{DA89EFA4-BA05-41EE-A592-3CE1160A8D2A}.Release|Any CPU.Build.0 = Release|Any CPU
		{03558721-240D-46F0-90DD-A3F6481EE7FF}.Debug|Any CPU.ActiveCfg = Debug|Any CPU
		{03558721-240D-46F0-90DD-A3F6481EE7FF}.Debug|Any CPU.Build.0 = Debug|Any CPU
		{03558721-240D-46F0-90DD-A3F6481EE7FF}.Release|Any CPU.ActiveCfg = Release|Any CPU
		{03558721-240D-46F0-90DD-A3F6481EE7FF}.Release|Any CPU.Build.0 = Release|Any CPU
		{91FB8944-CDFD-41CD-9ECE-94FB73A8274A}.Debug|Any CPU.ActiveCfg = Debug|Any CPU
		{91FB8944-CDFD-41CD-9ECE-94FB73A8274A}.Debug|Any CPU.Build.0 = Debug|Any CPU
		{91FB8944-CDFD-41CD-9ECE-94FB73A8274A}.Release|Any CPU.ActiveCfg = Release|Any CPU
		{91FB8944-CDFD-41CD-9ECE-94FB73A8274A}.Release|Any CPU.Build.0 = Release|Any CPU
		{DE11CB08-15DE-49DE-B6B6-76268B712A11}.Debug|Any CPU.ActiveCfg = Debug|Any CPU
		{DE11CB08-15DE-49DE-B6B6-76268B712A11}.Debug|Any CPU.Build.0 = Debug|Any CPU
		{DE11CB08-15DE-49DE-B6B6-76268B712A11}.Release|Any CPU.ActiveCfg = Release|Any CPU
		{DE11CB08-15DE-49DE-B6B6-76268B712A11}.Release|Any CPU.Build.0 = Release|Any CPU
	EndGlobalSection
	GlobalSection(SolutionProperties) = preSolution
		HideSolutionNode = FALSE
	EndGlobalSection
	GlobalSection(NestedProjects) = preSolution
		{AC0867AE-95E4-40C5-8A5A-0BFFE3D416E5} = {F1078A99-0C44-4284-85C0-8F4922D4DE8E}
		{BDD68533-E270-48AA-9957-318C4EAA100D} = {424C33A5-213A-4918-A263-9396B8829FB9}
		{CFD33BB5-D689-4B14-8D8F-5AF1B1A15461} = {C39751B3-30F0-4B4A-9DBF-59E900B0572C}
		{C6459565-716A-45F4-AE8A-9B151DA0C2AA} = {13F899E3-F26F-4EB9-9778-AADC3A7BA187}
		{079A24B7-B2AB-4C4A-9C5B-0476AEF29A0B} = {2EA40578-88C4-4829-8647-2EB498F7CAB0}
		{F3558220-6EB0-43F4-9231-CE0590B02A94} = {3DCA52C4-D3C8-470A-A931-B5DA92DC4F3D}
		{F9CC6522-02BC-436A-8D06-0D376BF7F035} = {424C33A5-213A-4918-A263-9396B8829FB9}
		{8B4D9285-D723-48B8-9084-3F4C921E6BB3} = {424C33A5-213A-4918-A263-9396B8829FB9}
		{E5B3BDD1-564E-4D18-86E0-8436631DA910} = {2EA40578-88C4-4829-8647-2EB498F7CAB0}
		{A7355EA6-BBF3-4199-855B-B28DFAEE1805} = {2EA40578-88C4-4829-8647-2EB498F7CAB0}
		{BE08A6D8-58E1-42EF-A2F8-EE8CE04FFF14} = {C39751B3-30F0-4B4A-9DBF-59E900B0572C}
		{DA89EFA4-BA05-41EE-A592-3CE1160A8D2A} = {C39751B3-30F0-4B4A-9DBF-59E900B0572C}
		{03558721-240D-46F0-90DD-A3F6481EE7FF} = {0273760C-14CE-4DF3-9AF2-544D0CB2EA7D}
		{F1078A99-0C44-4284-85C0-8F4922D4DE8E} = {CCC5CEDD-ABB6-460D-B575-AB29A4AC6BD5}
		{0273760C-14CE-4DF3-9AF2-544D0CB2EA7D} = {CCC5CEDD-ABB6-460D-B575-AB29A4AC6BD5}
		{3DCA52C4-D3C8-470A-A931-B5DA92DC4F3D} = {CCC5CEDD-ABB6-460D-B575-AB29A4AC6BD5}
		{2EA40578-88C4-4829-8647-2EB498F7CAB0} = {CCC5CEDD-ABB6-460D-B575-AB29A4AC6BD5}
		{13F899E3-F26F-4EB9-9778-AADC3A7BA187} = {CCC5CEDD-ABB6-460D-B575-AB29A4AC6BD5}
		{424C33A5-213A-4918-A263-9396B8829FB9} = {CCC5CEDD-ABB6-460D-B575-AB29A4AC6BD5}
		{91FB8944-CDFD-41CD-9ECE-94FB73A8274A} = {F1078A99-0C44-4284-85C0-8F4922D4DE8E}
		{DE11CB08-15DE-49DE-B6B6-76268B712A11} = {F1078A99-0C44-4284-85C0-8F4922D4DE8E}
	EndGlobalSection
	GlobalSection(ExtensibilityGlobals) = postSolution
		SolutionGuid = {4214193D-CE16-4B6C-947E-82F9BD03A912}
	EndGlobalSection
EndGlobal
